
Microsoft Visual Studio Solution File, Format Version 11.00
# Visual Studio 2010
Project("{FAE04EC0-301F-11D3-BF4B-00C04F79EFBC}") = "jQueryPresentation", "jQueryPresentation\jQueryPresentation.csproj", "{BBCAAC54-5570-4DDF-B2C0-6109FEE9B864}"
EndProject
Global
	GlobalSection(SolutionConfigurationPlatforms) = preSolution
		Debug|Any CPU = Debug|Any CPU
		Release|Any CPU = Release|Any CPU
	EndGlobalSection
	GlobalSection(ProjectConfigurationPlatforms) = postSolution
		{BBCAAC54-5570-4DDF-B2C0-6109FEE9B864}.Debug|Any CPU.ActiveCfg = Debug|Any CPU
		{BBCAAC54-5570-4DDF-B2C0-6109FEE9B864}.Debug|Any CPU.Build.0 = Debug|Any CPU
		{BBCAAC54-5570-4DDF-B2C0-6109FEE9B864}.Release|Any CPU.ActiveCfg = Release|Any CPU
		{BBCAAC54-5570-4DDF-B2C0-6109FEE9B864}.Release|Any CPU.Build.0 = Release|Any CPU
	EndGlobalSection
	GlobalSection(SolutionProperties) = preSolution
		HideSolutionNode = FALSE
	EndGlobalSection
EndGlobal
